
Microsoft Visual Studio Solution File, Format Version 12.00
# Visual Studio Version 17
VisualStudioVersion = 17.0.32014.148
MinimumVisualStudioVersion = 10.0.40219.1
Project("{9A19103F-16F7-4668-BE54-9A1E7A4F7556}") = "Kampintro", "Kampintro\Kampintro.csproj", "{DAC56669-DD26-44C0-8629-8EC152137E75}"
EndProject
Project("{9A19103F-16F7-4668-BE54-9A1E7A4F7556}") = "donguler", "ConsoleApp1\donguler.csproj", "{06E46165-F5F2-48D3-8956-BFAA0B5DD003}"
EndProject
Project("{9A19103F-16F7-4668-BE54-9A1E7A4F7556}") = "classIntro", "classIntro\classIntro.csproj", "{8DFAFA12-4FE6-4F21-B2B5-E34478775D19}"
EndProject
Project("{FAE04EC0-301F-11D3-BF4B-00C04F79EFBC}") = "metodlar", "metodlar\metodlar.csproj", "{4F6F556D-305F-4C95-8E11-A5C39F6D091F}"
EndProject
Project("{FAE04EC0-301F-11D3-BF4B-00C04F79EFBC}") = "DegerVeReferansTipler", "degervereferanstipler\DegerVeReferansTipler.csproj", "{5D48D12B-A64D-484D-86F6-AD3C7B6D4C83}"
EndProject
Global
	GlobalSection(SolutionConfigurationPlatforms) = preSolution
		Debug|Any CPU = Debug|Any CPU
		Release|Any CPU = Release|Any CPU
	EndGlobalSection
	GlobalSection(ProjectConfigurationPlatforms) = postSolution
		{DAC56669-DD26-44C0-8629-8EC152137E75}.Debug|Any CPU.ActiveCfg = Debug|Any CPU
		{DAC56669-DD26-44C0-8629-8EC152137E75}.Debug|Any CPU.Build.0 = Debug|Any CPU
		{DAC56669-DD26-44C0-8629-8EC152137E75}.Release|Any CPU.ActiveCfg = Release|Any CPU
		{DAC56669-DD26-44C0-8629-8EC152137E75}.Release|Any CPU.Build.0 = Release|Any CPU
		{06E46165-F5F2-48D3-8956-BFAA0B5DD003}.Debug|Any CPU.ActiveCfg = Debug|Any CPU
		{06E46165-F5F2-48D3-8956-BFAA0B5DD003}.Debug|Any CPU.Build.0 = Debug|Any CPU
		{06E46165-F5F2-48D3-8956-BFAA0B5DD003}.Release|Any CPU.ActiveCfg = Release|Any CPU
		{06E46165-F5F2-48D3-8956-BFAA0B5DD003}.Release|Any CPU.Build.0 = Release|Any CPU
		{8DFAFA12-4FE6-4F21-B2B5-E34478775D19}.Debug|Any CPU.ActiveCfg = Debug|Any CPU
		{8DFAFA12-4FE6-4F21-B2B5-E34478775D19}.Debug|Any CPU.Build.0 = Debug|Any CPU
		{8DFAFA12-4FE6-4F21-B2B5-E34478775D19}.Release|Any CPU.ActiveCfg = Release|Any CPU
		{8DFAFA12-4FE6-4F21-B2B5-E34478775D19}.Release|Any CPU.Build.0 = Release|Any CPU
		{4F6F556D-305F-4C95-8E11-A5C39F6D091F}.Debug|Any CPU.ActiveCfg = Debug|Any CPU
		{4F6F556D-305F-4C95-8E11-A5C39F6D091F}.Debug|Any CPU.Build.0 = Debug|Any CPU
		{4F6F556D-305F-4C95-8E11-A5C39F6D091F}.Release|Any CPU.ActiveCfg = Release|Any CPU
		{4F6F556D-305F-4C95-8E11-A5C39F6D091F}.Release|Any CPU.Build.0 = Release|Any CPU
		{5D48D12B-A64D-484D-86F6-AD3C7B6D4C83}.Debug|Any CPU.ActiveCfg = Debug|Any CPU
		{5D48D12B-A64D-484D-86F6-AD3C7B6D4C83}.Debug|Any CPU.Build.0 = Debug|Any CPU
		{5D48D12B-A64D-484D-86F6-AD3C7B6D4C83}.Release|Any CPU.ActiveCfg = Release|Any CPU
		{5D48D12B-A64D-484D-86F6-AD3C7B6D4C83}.Release|Any CPU.Build.0 = Release|Any CPU
	EndGlobalSection
	GlobalSection(SolutionProperties) = preSolution
		HideSolutionNode = FALSE
	EndGlobalSection
	GlobalSection(ExtensibilityGlobals) = postSolution
		SolutionGuid = {BD87A04D-0582-44AB-8F33-FDEFFE41D7E0}
	EndGlobalSection
EndGlobal
