
Microsoft Visual Studio Solution File, Format Version 12.00
# Visual Studio Version 17
VisualStudioVersion = 17.0.32014.148
MinimumVisualStudioVersion = 10.0.40219.1
Project("{9A19103F-16F7-4668-BE54-9A1E7A4F7556}") = "Kampintro", "Kampintro\Kampintro.csproj", "{DAC56669-DD26-44C0-8629-8EC152137E75}"
EndProject
Project("{9A19103F-16F7-4668-BE54-9A1E7A4F7556}") = "donguler", "ConsoleApp1\donguler.csproj", "{06E46165-F5F2-48D3-8956-BFAA0B5DD003}"
EndProject
Project("{9A19103F-16F7-4668-BE54-9A1E7A4F7556}") = "classIntro", "classIntro\classIntro.csproj", "{8DFAFA12-4FE6-4F21-B2B5-E34478775D19}"
EndProject
Project("{9A19103F-16F7-4668-BE54-9A1E7A4F7556}") = "metodlar", "metodlar\metodlar.csproj", "{4F6F556D-305F-4C95-8E11-A5C39F6D091F}"
EndProject
Project("{9A19103F-16F7-4668-BE54-9A1E7A4F7556}") = "DegerVeReferansTipler", "degervereferanstipler\DegerVeReferansTipler.csproj", "{5D48D12B-A64D-484D-86F6-AD3C7B6D4C83}"
EndProject
Project("{9A19103F-16F7-4668-BE54-9A1E7A4F7556}") = "ConsoleApp2", "ConsoleApp2\ConsoleApp2.csproj", "{A3B315E5-4B90-4D8F-88C6-AE4464EEC520}"
EndProject
Project("{9A19103F-16F7-4668-BE54-9A1E7A4F7556}") = "ClassMetodDemo", "ClassMetodDemo\ClassMetodDemo.csproj", "{EC5ECC17-3C33-45E8-818A-BCB00ECC42A9}"
EndProject
Project("{9A19103F-16F7-4668-BE54-9A1E7A4F7556}") = "OOP1", "OOP1\OOP1.csproj", "{80301357-B332-476E-BA9B-417C58112696}"
EndProject
Project("{9A19103F-16F7-4668-BE54-9A1E7A4F7556}") = "Collections", "Collections\Collections.csproj", "{EF4CE1BC-3316-4B6D-A22F-7C4DBF0F3460}"
EndProject
Project("{9A19103F-16F7-4668-BE54-9A1E7A4F7556}") = "GenericsIntro", "GenericsIntro\GenericsIntro.csproj", "{38EF993B-5B90-43F2-8688-DCB8C57BCAC3}"
EndProject
Project("{FAE04EC0-301F-11D3-BF4B-00C04F79EFBC}") = "OOP2", "OOP2\OOP2.csproj", "{D84834ED-C5DD-4165-BDB8-5DEFD9F71475}"
EndProject
Project("{FAE04EC0-301F-11D3-BF4B-00C04F79EFBC}") = "OOP3", "OOP3\OOP3.csproj", "{2DD626E8-042B-466A-BAB9-FAA2406CB605}"
EndProject
Global
	GlobalSection(SolutionConfigurationPlatforms) = preSolution
		Debug|Any CPU = Debug|Any CPU
		Release|Any CPU = Release|Any CPU
	EndGlobalSection
	GlobalSection(ProjectConfigurationPlatforms) = postSolution
		{DAC56669-DD26-44C0-8629-8EC152137E75}.Debug|Any CPU.ActiveCfg = Debug|Any CPU
		{DAC56669-DD26-44C0-8629-8EC152137E75}.Debug|Any CPU.Build.0 = Debug|Any CPU
		{DAC56669-DD26-44C0-8629-8EC152137E75}.Release|Any CPU.ActiveCfg = Release|Any CPU
		{DAC56669-DD26-44C0-8629-8EC152137E75}.Release|Any CPU.Build.0 = Release|Any CPU
		{06E46165-F5F2-48D3-8956-BFAA0B5DD003}.Debug|Any CPU.ActiveCfg = Debug|Any CPU
		{06E46165-F5F2-48D3-8956-BFAA0B5DD003}.Debug|Any CPU.Build.0 = Debug|Any CPU
		{06E46165-F5F2-48D3-8956-BFAA0B5DD003}.Release|Any CPU.ActiveCfg = Release|Any CPU
		{06E46165-F5F2-48D3-8956-BFAA0B5DD003}.Release|Any CPU.Build.0 = Release|Any CPU
		{8DFAFA12-4FE6-4F21-B2B5-E34478775D19}.Debug|Any CPU.ActiveCfg = Debug|Any CPU
		{8DFAFA12-4FE6-4F21-B2B5-E34478775D19}.Debug|Any CPU.Build.0 = Debug|Any CPU
		{8DFAFA12-4FE6-4F21-B2B5-E34478775D19}.Release|Any CPU.ActiveCfg = Release|Any CPU
		{8DFAFA12-4FE6-4F21-B2B5-E34478775D19}.Release|Any CPU.Build.0 = Release|Any CPU
		{4F6F556D-305F-4C95-8E11-A5C39F6D091F}.Debug|Any CPU.ActiveCfg = Debug|Any CPU
		{4F6F556D-305F-4C95-8E11-A5C39F6D091F}.Debug|Any CPU.Build.0 = Debug|Any CPU
		{4F6F556D-305F-4C95-8E11-A5C39F6D091F}.Release|Any CPU.ActiveCfg = Release|Any CPU
		{4F6F556D-305F-4C95-8E11-A5C39F6D091F}.Release|Any CPU.Build.0 = Release|Any CPU
		{5D48D12B-A64D-484D-86F6-AD3C7B6D4C83}.Debug|Any CPU.ActiveCfg = Debug|Any CPU
		{5D48D12B-A64D-484D-86F6-AD3C7B6D4C83}.Debug|Any CPU.Build.0 = Debug|Any CPU
		{5D48D12B-A64D-484D-86F6-AD3C7B6D4C83}.Release|Any CPU.ActiveCfg = Release|Any CPU
		{5D48D12B-A64D-484D-86F6-AD3C7B6D4C83}.Release|Any CPU.Build.0 = Release|Any CPU
		{A3B315E5-4B90-4D8F-88C6-AE4464EEC520}.Debug|Any CPU.ActiveCfg = Debug|Any CPU
		{A3B315E5-4B90-4D8F-88C6-AE4464EEC520}.Debug|Any CPU.Build.0 = Debug|Any CPU
		{A3B315E5-4B90-4D8F-88C6-AE4464EEC520}.Release|Any CPU.ActiveCfg = Release|Any CPU
		{A3B315E5-4B90-4D8F-88C6-AE4464EEC520}.Release|Any CPU.Build.0 = Release|Any CPU
		{EC5ECC17-3C33-45E8-818A-BCB00ECC42A9}.Debug|Any CPU.ActiveCfg = Debug|Any CPU
		{EC5ECC17-3C33-45E8-818A-BCB00ECC42A9}.Debug|Any CPU.Build.0 = Debug|Any CPU
		{EC5ECC17-3C33-45E8-818A-BCB00ECC42A9}.Release|Any CPU.ActiveCfg = Release|Any CPU
		{EC5ECC17-3C33-45E8-818A-BCB00ECC42A9}.Release|Any CPU.Build.0 = Release|Any CPU
		{80301357-B332-476E-BA9B-417C58112696}.Debug|Any CPU.ActiveCfg = Debug|Any CPU
		{80301357-B332-476E-BA9B-417C58112696}.Debug|Any CPU.Build.0 = Debug|Any CPU
		{80301357-B332-476E-BA9B-417C58112696}.Release|Any CPU.ActiveCfg = Release|Any CPU
		{80301357-B332-476E-BA9B-417C58112696}.Release|Any CPU.Build.0 = Release|Any CPU
		{EF4CE1BC-3316-4B6D-A22F-7C4DBF0F3460}.Debug|Any CPU.ActiveCfg = Debug|Any CPU
		{EF4CE1BC-3316-4B6D-A22F-7C4DBF0F3460}.Debug|Any CPU.Build.0 = Debug|Any CPU
		{EF4CE1BC-3316-4B6D-A22F-7C4DBF0F3460}.Release|Any CPU.ActiveCfg = Release|Any CPU
		{EF4CE1BC-3316-4B6D-A22F-7C4DBF0F3460}.Release|Any CPU.Build.0 = Release|Any CPU
		{38EF993B-5B90-43F2-8688-DCB8C57BCAC3}.Debug|Any CPU.ActiveCfg = Debug|Any CPU
		{38EF993B-5B90-43F2-8688-DCB8C57BCAC3}.Debug|Any CPU.Build.0 = Debug|Any CPU
		{38EF993B-5B90-43F2-8688-DCB8C57BCAC3}.Release|Any CPU.ActiveCfg = Release|Any CPU
		{38EF993B-5B90-43F2-8688-DCB8C57BCAC3}.Release|Any CPU.Build.0 = Release|Any CPU
		{D84834ED-C5DD-4165-BDB8-5DEFD9F71475}.Debug|Any CPU.ActiveCfg = Debug|Any CPU
		{D84834ED-C5DD-4165-BDB8-5DEFD9F71475}.Debug|Any CPU.Build.0 = Debug|Any CPU
		{D84834ED-C5DD-4165-BDB8-5DEFD9F71475}.Release|Any CPU.ActiveCfg = Release|Any CPU
		{D84834ED-C5DD-4165-BDB8-5DEFD9F71475}.Release|Any CPU.Build.0 = Release|Any CPU
		{2DD626E8-042B-466A-BAB9-FAA2406CB605}.Debug|Any CPU.ActiveCfg = Debug|Any CPU
		{2DD626E8-042B-466A-BAB9-FAA2406CB605}.Debug|Any CPU.Build.0 = Debug|Any CPU
		{2DD626E8-042B-466A-BAB9-FAA2406CB605}.Release|Any CPU.ActiveCfg = Release|Any CPU
		{2DD626E8-042B-466A-BAB9-FAA2406CB605}.Release|Any CPU.Build.0 = Release|Any CPU
	EndGlobalSection
	GlobalSection(SolutionProperties) = preSolution
		HideSolutionNode = FALSE
	EndGlobalSection
	GlobalSection(ExtensibilityGlobals) = postSolution
		SolutionGuid = {BD87A04D-0582-44AB-8F33-FDEFFE41D7E0}
	EndGlobalSection
EndGlobal
